{
  "originHash" : "533de208f7207fdd36b99a2f0036707fca012c23defe0e4e99a820106aff336d",
  "pins" : [
    {
      "identity" : "purchases-ios-spm",
      "kind" : "remoteSourceControl",
      "location" : "https://github.com/RevenueCat/purchases-ios-spm.git",
      "state" : {
        "branch" : "main",
        "revision" : "96f7f5943ae928f92750449e5699fe35db681cbc"
      }
    }
  ],
  "version" : 3
}
